
Microsoft Visual Studio Solution File, Format Version 12.00
# Visual Studio Version 17
VisualStudioVersion = 17.0.31903.59
MinimumVisualStudioVersion = 10.0.40219.1
Project("{FAE04EC0-301F-11D3-BF4B-00C04F79EFBC}") = "SubPubC", "SubPubC\SubPubC.csproj", "{FA90A877-65CC-4491-A837-60E4BE2C1886}"
EndProject
Project("{FAE04EC0-301F-11D3-BF4B-00C04F79EFBC}") = "SubPubCTest", "SubPubCTest\SubPubCTest.csproj", "{F5E0D6BB-FD8B-4956-BF13-39DAB4B6340A}"
EndProject
Global
	GlobalSection(SolutionConfigurationPlatforms) = preSolution
		Debug|Any CPU = Debug|Any CPU
		Debug|x64 = Debug|x64
		Debug|x86 = Debug|x86
		Release|Any CPU = Release|Any CPU
		Release|x64 = Release|x64
		Release|x86 = Release|x86
	EndGlobalSection
	GlobalSection(ProjectConfigurationPlatforms) = postSolution
		{FA90A877-65CC-4491-A837-60E4BE2C1886}.Debug|Any CPU.ActiveCfg = Debug|Any CPU
		{FA90A877-65CC-4491-A837-60E4BE2C1886}.Debug|Any CPU.Build.0 = Debug|Any CPU
		{FA90A877-65CC-4491-A837-60E4BE2C1886}.Debug|x64.ActiveCfg = Debug|Any CPU
		{FA90A877-65CC-4491-A837-60E4BE2C1886}.Debug|x64.Build.0 = Debug|Any CPU
		{FA90A877-65CC-4491-A837-60E4BE2C1886}.Debug|x86.ActiveCfg = Debug|Any CPU
		{FA90A877-65CC-4491-A837-60E4BE2C1886}.Debug|x86.Build.0 = Debug|Any CPU
		{FA90A877-65CC-4491-A837-60E4BE2C1886}.Release|Any CPU.ActiveCfg = Release|Any CPU
		{FA90A877-65CC-4491-A837-60E4BE2C1886}.Release|Any CPU.Build.0 = Release|Any CPU
		{FA90A877-65CC-4491-A837-60E4BE2C1886}.Release|x64.ActiveCfg = Release|Any CPU
		{FA90A877-65CC-4491-A837-60E4BE2C1886}.Release|x64.Build.0 = Release|Any CPU
		{FA90A877-65CC-4491-A837-60E4BE2C1886}.Release|x86.ActiveCfg = Release|Any CPU
		{FA90A877-65CC-4491-A837-60E4BE2C1886}.Release|x86.Build.0 = Release|Any CPU
		{F5E0D6BB-FD8B-4956-BF13-39DAB4B6340A}.Debug|Any CPU.ActiveCfg = Debug|Any CPU
		{F5E0D6BB-FD8B-4956-BF13-39DAB4B6340A}.Debug|Any CPU.Build.0 = Debug|Any CPU
		{F5E0D6BB-FD8B-4956-BF13-39DAB4B6340A}.Debug|x64.ActiveCfg = Debug|Any CPU
		{F5E0D6BB-FD8B-4956-BF13-39DAB4B6340A}.Debug|x64.Build.0 = Debug|Any CPU
		{F5E0D6BB-FD8B-4956-BF13-39DAB4B6340A}.Debug|x86.ActiveCfg = Debug|Any CPU
		{F5E0D6BB-FD8B-4956-BF13-39DAB4B6340A}.Debug|x86.Build.0 = Debug|Any CPU
		{F5E0D6BB-FD8B-4956-BF13-39DAB4B6340A}.Release|Any CPU.ActiveCfg = Release|Any CPU
		{F5E0D6BB-FD8B-4956-BF13-39DAB4B6340A}.Release|Any CPU.Build.0 = Release|Any CPU
		{F5E0D6BB-FD8B-4956-BF13-39DAB4B6340A}.Release|x64.ActiveCfg = Release|Any CPU
		{F5E0D6BB-FD8B-4956-BF13-39DAB4B6340A}.Release|x64.Build.0 = Release|Any CPU
		{F5E0D6BB-FD8B-4956-BF13-39DAB4B6340A}.Release|x86.ActiveCfg = Release|Any CPU
		{F5E0D6BB-FD8B-4956-BF13-39DAB4B6340A}.Release|x86.Build.0 = Release|Any CPU
	EndGlobalSection
	GlobalSection(SolutionProperties) = preSolution
		HideSolutionNode = FALSE
	EndGlobalSection
EndGlobal
